// !$*UTF8*$!
{
	archiveVersion = 1;
	classes = {
	};
	objectVersion = 46;
	objects = {

/* Begin PBXBuildFile section */
		A70A6D7315DE7DA600C2568C /* UIKit.framework in Frameworks */ = {isa = PBXBuildFile; fileRef = A70A6D7215DE7DA600C2568C /* UIKit.framework */; };
		A70A6D7515DE7DA600C2568C /* Foundation.framework in Frameworks */ = {isa = PBXBuildFile; fileRef = A70A6D7415DE7DA600C2568C /* Foundation.framework */; };
		A70A6D7715DE7DA600C2568C /* CoreGraphics.framework in Frameworks */ = {isa = PBXBuildFile; fileRef = A70A6D7615DE7DA600C2568C /* CoreGraphics.framework */; };
		A70A6DA615DE7E7E00C2568C /* libxml2.dylib in Frameworks */ = {isa = PBXBuildFile; fileRef = A70A6DA515DE7E7E00C2568C /* libxml2.dylib */; };
		A70A6DA815DE7E8600C2568C /* AssetsLibrary.framework in Frameworks */ = {isa = PBXBuildFile; fileRef = A70A6DA715DE7E8600C2568C /* AssetsLibrary.framework */; };
		A70A6DAA15DE7E8D00C2568C /* MediaPlayer.framework in Frameworks */ = {isa = PBXBuildFile; fileRef = A70A6DA915DE7E8D00C2568C /* MediaPlayer.framework */; };
		A70A6DAC15DE7E9600C2568C /* QuartzCore.framework in Frameworks */ = {isa = PBXBuildFile; fileRef = A70A6DAB15DE7E9600C2568C /* QuartzCore.framework */; };
		A70A6DAE15DE7E9C00C2568C /* CoreText.framework in Frameworks */ = {isa = PBXBuildFile; fileRef = A70A6DAD15DE7E9C00C2568C /* CoreText.framework */; };
		A70A6DB015DE7EB000C2568C /* ImageIO.framework in Frameworks */ = {isa = PBXBuildFile; fileRef = A70A6DAF15DE7EB000C2568C /* ImageIO.framework */; };
		A78CE66D1754A28900DBDEC4 /* 43-film-roll.png in Resources */ = {isa = PBXBuildFile; fileRef = A78CE6551754A28900DBDEC4 /* 43-film-roll.png */; };
		A78CE66E1754A28900DBDEC4 /* 43-film-roll@2x.png in Resources */ = {isa = PBXBuildFile; fileRef = A78CE6561754A28900DBDEC4 /* 43-film-roll@2x.png */; };
		A78CE66F1754A28900DBDEC4 /* Icon.png in Resources */ = {isa = PBXBuildFile; fileRef = A78CE6571754A28900DBDEC4 /* Icon.png */; };
		A78CE6701754A28900DBDEC4 /* Icon@2x.png in Resources */ = {isa = PBXBuildFile; fileRef = A78CE6581754A28900DBDEC4 /* Icon@2x.png */; };
		A78CE6711754A28900DBDEC4 /* test.html in Resources */ = {isa = PBXBuildFile; fileRef = A78CE6591754A28900DBDEC4 /* test.html */; };
		A78CE6721754A28900DBDEC4 /* DTFormatFontFamilyTableViewController.m in Sources */ = {isa = PBXBuildFile; fileRef = A78CE65C1754A28900DBDEC4 /* DTFormatFontFamilyTableViewController.m */; };
		A78CE6731754A28900DBDEC4 /* DTFormatOverviewViewController.m in Sources */ = {isa = PBXBuildFile; fileRef = A78CE65E1754A28900DBDEC4 /* DTFormatOverviewViewController.m */; };
		A78CE6741754A28900DBDEC4 /* DTFormatTableView.m in Sources */ = {isa = PBXBuildFile; fileRef = A78CE6601754A28900DBDEC4 /* DTFormatTableView.m */; };
		A78CE6751754A28900DBDEC4 /* DTFormatViewController.m in Sources */ = {isa = PBXBuildFile; fileRef = A78CE6621754A28900DBDEC4 /* DTFormatViewController.m */; };
		A78CE6761754A28900DBDEC4 /* DTRichTextEditorAppDelegate.m in Sources */ = {isa = PBXBuildFile; fileRef = A78CE6641754A28900DBDEC4 /* DTRichTextEditorAppDelegate.m */; };
		A78CE6771754A28900DBDEC4 /* DTRichTextEditorTestState.m in Sources */ = {isa = PBXBuildFile; fileRef = A78CE6661754A28900DBDEC4 /* DTRichTextEditorTestState.m */; };
		A78CE6781754A28900DBDEC4 /* DTRichTextEditorTestStateController.m in Sources */ = {isa = PBXBuildFile; fileRef = A78CE6681754A28900DBDEC4 /* DTRichTextEditorTestStateController.m */; };
		A78CE6791754A28900DBDEC4 /* DTRichTextEditorViewController.m in Sources */ = {isa = PBXBuildFile; fileRef = A78CE66A1754A28900DBDEC4 /* DTRichTextEditorViewController.m */; };
		A78CE67A1754A28900DBDEC4 /* main.m in Sources */ = {isa = PBXBuildFile; fileRef = A78CE66B1754A28900DBDEC4 /* main.m */; };
/* End PBXBuildFile section */

/* Begin PBXFileReference section */
		A70A6D6E15DE7DA600C2568C /* DTRichTextEditorDemo.app */ = {isa = PBXFileReference; explicitFileType = wrapper.application; includeInIndex = 0; path = DTRichTextEditorDemo.app; sourceTree = BUILT_PRODUCTS_DIR; };
		A70A6D7215DE7DA600C2568C /* UIKit.framework */ = {isa = PBXFileReference; lastKnownFileType = wrapper.framework; name = UIKit.framework; path = System/Library/Frameworks/UIKit.framework; sourceTree = SDKROOT; };
		A70A6D7415DE7DA600C2568C /* Foundation.framework */ = {isa = PBXFileReference; lastKnownFileType = wrapper.framework; name = Foundation.framework; path = System/Library/Frameworks/Foundation.framework; sourceTree = SDKROOT; };
		A70A6D7615DE7DA600C2568C /* CoreGraphics.framework */ = {isa = PBXFileReference; lastKnownFileType = wrapper.framework; name = CoreGraphics.framework; path = System/Library/Frameworks/CoreGraphics.framework; sourceTree = SDKROOT; };
		A70A6DA515DE7E7E00C2568C /* libxml2.dylib */ = {isa = PBXFileReference; lastKnownFileType = "compiled.mach-o.dylib"; name = libxml2.dylib; path = usr/lib/libxml2.dylib; sourceTree = SDKROOT; };
		A70A6DA715DE7E8600C2568C /* AssetsLibrary.framework */ = {isa = PBXFileReference; lastKnownFileType = wrapper.framework; name = AssetsLibrary.framework; path = System/Library/Frameworks/AssetsLibrary.framework; sourceTree = SDKROOT; };
		A70A6DA915DE7E8D00C2568C /* MediaPlayer.framework */ = {isa = PBXFileReference; lastKnownFileType = wrapper.framework; name = MediaPlayer.framework; path = System/Library/Frameworks/MediaPlayer.framework; sourceTree = SDKROOT; };
		A70A6DAB15DE7E9600C2568C /* QuartzCore.framework */ = {isa = PBXFileReference; lastKnownFileType = wrapper.framework; name = QuartzCore.framework; path = System/Library/Frameworks/QuartzCore.framework; sourceTree = SDKROOT; };
		A70A6DAD15DE7E9C00C2568C /* CoreText.framework */ = {isa = PBXFileReference; lastKnownFileType = wrapper.framework; name = CoreText.framework; path = System/Library/Frameworks/CoreText.framework; sourceTree = SDKROOT; };
		A70A6DAF15DE7EB000C2568C /* ImageIO.framework */ = {isa = PBXFileReference; lastKnownFileType = wrapper.framework; name = ImageIO.framework; path = System/Library/Frameworks/ImageIO.framework; sourceTree = SDKROOT; };
		A78CE6521754A28900DBDEC4 /* DTRichTextEditor-Info.plist */ = {isa = PBXFileReference; fileEncoding = 4; lastKnownFileType = text.plist.xml; path = "DTRichTextEditor-Info.plist"; sourceTree = "<group>"; };
		A78CE6531754A28900DBDEC4 /* DTRichTextEditor-Prefix.pch */ = {isa = PBXFileReference; fileEncoding = 4; lastKnownFileType = sourcecode.c.h; path = "DTRichTextEditor-Prefix.pch"; sourceTree = "<group>"; };
		A78CE6551754A28900DBDEC4 /* 43-film-roll.png */ = {isa = PBXFileReference; lastKnownFileType = image.png; path = "43-film-roll.png"; sourceTree = "<group>"; };
		A78CE6561754A28900DBDEC4 /* 43-film-roll@2x.png */ = {isa = PBXFileReference; lastKnownFileType = image.png; path = "43-film-roll@2x.png"; sourceTree = "<group>"; };
		A78CE6571754A28900DBDEC4 /* Icon.png */ = {isa = PBXFileReference; lastKnownFileType = image.png; path = Icon.png; sourceTree = "<group>"; };
		A78CE6581754A28900DBDEC4 /* Icon@2x.png */ = {isa = PBXFileReference; lastKnownFileType = image.png; path = "Icon@2x.png"; sourceTree = "<group>"; };
		A78CE6591754A28900DBDEC4 /* test.html */ = {isa = PBXFileReference; fileEncoding = 4; lastKnownFileType = text.html; path = test.html; sourceTree = "<group>"; };
		A78CE65B1754A28900DBDEC4 /* DTFormatFontFamilyTableViewController.h */ = {isa = PBXFileReference; fileEncoding = 4; lastKnownFileType = sourcecode.c.h; path = DTFormatFontFamilyTableViewController.h; sourceTree = "<group>"; };
		A78CE65C1754A28900DBDEC4 /* DTFormatFontFamilyTableViewController.m */ = {isa = PBXFileReference; fileEncoding = 4; lastKnownFileType = sourcecode.c.objc; path = DTFormatFontFamilyTableViewController.m; sourceTree = "<group>"; };
		A78CE65D1754A28900DBDEC4 /* DTFormatOverviewViewController.h */ = {isa = PBXFileReference; fileEncoding = 4; lastKnownFileType = sourcecode.c.h; path = DTFormatOverviewViewController.h; sourceTree = "<group>"; };
		A78CE65E1754A28900DBDEC4 /* DTFormatOverviewViewController.m */ = {isa = PBXFileReference; fileEncoding = 4; lastKnownFileType = sourcecode.c.objc; path = DTFormatOverviewViewController.m; sourceTree = "<group>"; };
		A78CE65F1754A28900DBDEC4 /* DTFormatTableView.h */ = {isa = PBXFileReference; fileEncoding = 4; lastKnownFileType = sourcecode.c.h; path = DTFormatTableView.h; sourceTree = "<group>"; };
		A78CE6601754A28900DBDEC4 /* DTFormatTableView.m */ = {isa = PBXFileReference; fileEncoding = 4; lastKnownFileType = sourcecode.c.objc; path = DTFormatTableView.m; sourceTree = "<group>"; };
		A78CE6611754A28900DBDEC4 /* DTFormatViewController.h */ = {isa = PBXFileReference; fileEncoding = 4; lastKnownFileType = sourcecode.c.h; path = DTFormatViewController.h; sourceTree = "<group>"; };
		A78CE6621754A28900DBDEC4 /* DTFormatViewController.m */ = {isa = PBXFileReference; fileEncoding = 4; lastKnownFileType = sourcecode.c.objc; path = DTFormatViewController.m; sourceTree = "<group>"; };
		A78CE6631754A28900DBDEC4 /* DTRichTextEditorAppDelegate.h */ = {isa = PBXFileReference; fileEncoding = 4; lastKnownFileType = sourcecode.c.h; path = DTRichTextEditorAppDelegate.h; sourceTree = "<group>"; };
		A78CE6641754A28900DBDEC4 /* DTRichTextEditorAppDelegate.m */ = {isa = PBXFileReference; fileEncoding = 4; lastKnownFileType = sourcecode.c.objc; path = DTRichTextEditorAppDelegate.m; sourceTree = "<group>"; };
		A78CE6651754A28900DBDEC4 /* DTRichTextEditorTestState.h */ = {isa = PBXFileReference; fileEncoding = 4; lastKnownFileType = sourcecode.c.h; path = DTRichTextEditorTestState.h; sourceTree = "<group>"; };
		A78CE6661754A28900DBDEC4 /* DTRichTextEditorTestState.m */ = {isa = PBXFileReference; fileEncoding = 4; lastKnownFileType = sourcecode.c.objc; path = DTRichTextEditorTestState.m; sourceTree = "<group>"; };
		A78CE6671754A28900DBDEC4 /* DTRichTextEditorTestStateController.h */ = {isa = PBXFileReference; fileEncoding = 4; lastKnownFileType = sourcecode.c.h; path = DTRichTextEditorTestStateController.h; sourceTree = "<group>"; };
		A78CE6681754A28900DBDEC4 /* DTRichTextEditorTestStateController.m */ = {isa = PBXFileReference; fileEncoding = 4; lastKnownFileType = sourcecode.c.objc; path = DTRichTextEditorTestStateController.m; sourceTree = "<group>"; };
		A78CE6691754A28900DBDEC4 /* DTRichTextEditorViewController.h */ = {isa = PBXFileReference; fileEncoding = 4; lastKnownFileType = sourcecode.c.h; path = DTRichTextEditorViewController.h; sourceTree = "<group>"; };
		A78CE66A1754A28900DBDEC4 /* DTRichTextEditorViewController.m */ = {isa = PBXFileReference; fileEncoding = 4; lastKnownFileType = sourcecode.c.objc; path = DTRichTextEditorViewController.m; sourceTree = "<group>"; };
		A78CE66B1754A28900DBDEC4 /* main.m */ = {isa = PBXFileReference; fileEncoding = 4; lastKnownFileType = sourcecode.c.objc; path = main.m; sourceTree = "<group>"; };
/* End PBXFileReference section */

/* Begin PBXFrameworksBuildPhase section */
		A70A6D6B15DE7DA600C2568C /* Frameworks */ = {
			isa = PBXFrameworksBuildPhase;
			buildActionMask = 2147483647;
			files = (
				A70A6DB015DE7EB000C2568C /* ImageIO.framework in Frameworks */,
				A70A6DAE15DE7E9C00C2568C /* CoreText.framework in Frameworks */,
				A70A6DAC15DE7E9600C2568C /* QuartzCore.framework in Frameworks */,
				A70A6DAA15DE7E8D00C2568C /* MediaPlayer.framework in Frameworks */,
				A70A6DA815DE7E8600C2568C /* AssetsLibrary.framework in Frameworks */,
				A70A6DA615DE7E7E00C2568C /* libxml2.dylib in Frameworks */,
				A70A6D7315DE7DA600C2568C /* UIKit.framework in Frameworks */,
				A70A6D7515DE7DA600C2568C /* Foundation.framework in Frameworks */,
				A70A6D7715DE7DA600C2568C /* CoreGraphics.framework in Frameworks */,
			);
			runOnlyForDeploymentPostprocessing = 0;
		};
/* End PBXFrameworksBuildPhase section */

/* Begin PBXGroup section */
		A70A6D6315DE7DA600C2568C = {
			isa = PBXGroup;
			children = (
				A78CE6511754A28900DBDEC4 /* Demo */,
				A70A6D7115DE7DA600C2568C /* Frameworks */,
				A70A6D6F15DE7DA600C2568C /* Products */,
			);
			sourceTree = "<group>";
		};
		A70A6D6F15DE7DA600C2568C /* Products */ = {
			isa = PBXGroup;
			children = (
				A70A6D6E15DE7DA600C2568C /* DTRichTextEditorDemo.app */,
			);
			name = Products;
			sourceTree = "<group>";
		};
		A70A6D7115DE7DA600C2568C /* Frameworks */ = {
			isa = PBXGroup;
			children = (
				A70A6DA515DE7E7E00C2568C /* libxml2.dylib */,
				A70A6DA715DE7E8600C2568C /* AssetsLibrary.framework */,
				A70A6D7615DE7DA600C2568C /* CoreGraphics.framework */,
				A70A6DAD15DE7E9C00C2568C /* CoreText.framework */,
				A70A6D7415DE7DA600C2568C /* Foundation.framework */,
				A70A6DAF15DE7EB000C2568C /* ImageIO.framework */,
				A70A6DA915DE7E8D00C2568C /* MediaPlayer.framework */,
				A70A6DAB15DE7E9600C2568C /* QuartzCore.framework */,
				A70A6D7215DE7DA600C2568C /* UIKit.framework */,
			);
			name = Frameworks;
			sourceTree = "<group>";
		};
		A78CE6511754A28900DBDEC4 /* Demo */ = {
			isa = PBXGroup;
			children = (
				A78CE6521754A28900DBDEC4 /* DTRichTextEditor-Info.plist */,
				A78CE6531754A28900DBDEC4 /* DTRichTextEditor-Prefix.pch */,
				A78CE6541754A28900DBDEC4 /* Resources */,
				A78CE65A1754A28900DBDEC4 /* Source */,
			);
			path = Demo;
			sourceTree = "<group>";
		};
		A78CE6541754A28900DBDEC4 /* Resources */ = {
			isa = PBXGroup;
			children = (
				A78CE6551754A28900DBDEC4 /* 43-film-roll.png */,
				A78CE6561754A28900DBDEC4 /* 43-film-roll@2x.png */,
				A78CE6571754A28900DBDEC4 /* Icon.png */,
				A78CE6581754A28900DBDEC4 /* Icon@2x.png */,
				A78CE6591754A28900DBDEC4 /* test.html */,
			);
			path = Resources;
			sourceTree = "<group>";
		};
		A78CE65A1754A28900DBDEC4 /* Source */ = {
			isa = PBXGroup;
			children = (
				A78CE65B1754A28900DBDEC4 /* DTFormatFontFamilyTableViewController.h */,
				A78CE65C1754A28900DBDEC4 /* DTFormatFontFamilyTableViewController.m */,
				A78CE65D1754A28900DBDEC4 /* DTFormatOverviewViewController.h */,
				A78CE65E1754A28900DBDEC4 /* DTFormatOverviewViewController.m */,
				A78CE65F1754A28900DBDEC4 /* DTFormatTableView.h */,
				A78CE6601754A28900DBDEC4 /* DTFormatTableView.m */,
				A78CE6611754A28900DBDEC4 /* DTFormatViewController.h */,
				A78CE6621754A28900DBDEC4 /* DTFormatViewController.m */,
				A78CE6631754A28900DBDEC4 /* DTRichTextEditorAppDelegate.h */,
				A78CE6641754A28900DBDEC4 /* DTRichTextEditorAppDelegate.m */,
				A78CE6651754A28900DBDEC4 /* DTRichTextEditorTestState.h */,
				A78CE6661754A28900DBDEC4 /* DTRichTextEditorTestState.m */,
				A78CE6671754A28900DBDEC4 /* DTRichTextEditorTestStateController.h */,
				A78CE6681754A28900DBDEC4 /* DTRichTextEditorTestStateController.m */,
				A78CE6691754A28900DBDEC4 /* DTRichTextEditorViewController.h */,
				A78CE66A1754A28900DBDEC4 /* DTRichTextEditorViewController.m */,
				A78CE66B1754A28900DBDEC4 /* main.m */,
			);
			path = Source;
			sourceTree = "<group>";
		};
/* End PBXGroup section */

/* Begin PBXNativeTarget section */
		A70A6D6D15DE7DA600C2568C /* DTRichTextEditorDemo */ = {
			isa = PBXNativeTarget;
			buildConfigurationList = A70A6D8C15DE7DA600C2568C /* Build configuration list for PBXNativeTarget "DTRichTextEditorDemo" */;
			buildPhases = (
				A70A6D6A15DE7DA600C2568C /* Sources */,
				A70A6D6B15DE7DA600C2568C /* Frameworks */,
				A70A6D6C15DE7DA600C2568C /* Resources */,
			);
			buildRules = (
			);
			dependencies = (
			);
			name = DTRichTextEditorDemo;
			productName = DTRichTextEditorDemo;
			productReference = A70A6D6E15DE7DA600C2568C /* DTRichTextEditorDemo.app */;
			productType = "com.apple.product-type.application";
		};
/* End PBXNativeTarget section */

/* Begin PBXProject section */
		A70A6D6515DE7DA600C2568C /* Project object */ = {
			isa = PBXProject;
			attributes = {
				LastUpgradeCheck = 0460;
				ORGANIZATIONNAME = Cocoanetics;
			};
			buildConfigurationList = A70A6D6815DE7DA600C2568C /* Build configuration list for PBXProject "DTRichTextEditorDemo" */;
			compatibilityVersion = "Xcode 3.2";
			developmentRegion = English;
			hasScannedForEncodings = 0;
			knownRegions = (
				en,
			);
			mainGroup = A70A6D6315DE7DA600C2568C;
			productRefGroup = A70A6D6F15DE7DA600C2568C /* Products */;
			projectDirPath = "";
			projectRoot = "";
			targets = (
				A70A6D6D15DE7DA600C2568C /* DTRichTextEditorDemo */,
			);
		};
/* End PBXProject section */

/* Begin PBXResourcesBuildPhase section */
		A70A6D6C15DE7DA600C2568C /* Resources */ = {
			isa = PBXResourcesBuildPhase;
			buildActionMask = 2147483647;
			files = (
				A78CE66D1754A28900DBDEC4 /* 43-film-roll.png in Resources */,
				A78CE66E1754A28900DBDEC4 /* 43-film-roll@2x.png in Resources */,
				A78CE66F1754A28900DBDEC4 /* Icon.png in Resources */,
				A78CE6701754A28900DBDEC4 /* Icon@2x.png in Resources */,
				A78CE6711754A28900DBDEC4 /* test.html in Resources */,
			);
			runOnlyForDeploymentPostprocessing = 0;
		};
/* End PBXResourcesBuildPhase section */

/* Begin PBXSourcesBuildPhase section */
		A70A6D6A15DE7DA600C2568C /* Sources */ = {
			isa = PBXSourcesBuildPhase;
			buildActionMask = 2147483647;
			files = (
				A78CE6721754A28900DBDEC4 /* DTFormatFontFamilyTableViewController.m in Sources */,
				A78CE6731754A28900DBDEC4 /* DTFormatOverviewViewController.m in Sources */,
				A78CE6741754A28900DBDEC4 /* DTFormatTableView.m in Sources */,
				A78CE6751754A28900DBDEC4 /* DTFormatViewController.m in Sources */,
				A78CE6761754A28900DBDEC4 /* DTRichTextEditorAppDelegate.m in Sources */,
				A78CE6771754A28900DBDEC4 /* DTRichTextEditorTestState.m in Sources */,
				A78CE6781754A28900DBDEC4 /* DTRichTextEditorTestStateController.m in Sources */,
				A78CE6791754A28900DBDEC4 /* DTRichTextEditorViewController.m in Sources */,
				A78CE67A1754A28900DBDEC4 /* main.m in Sources */,
			);
			runOnlyForDeploymentPostprocessing = 0;
		};
/* End PBXSourcesBuildPhase section */

/* Begin XCBuildConfiguration section */
		A70A6D8A15DE7DA600C2568C /* Debug */ = {
			isa = XCBuildConfiguration;
			buildSettings = {
				ALWAYS_SEARCH_USER_PATHS = NO;
				ARCHS = "$(ARCHS_STANDARD_32_BIT)";
				CLANG_CXX_LANGUAGE_STANDARD = "gnu++0x";
				CLANG_ENABLE_OBJC_ARC = YES;
				CLANG_WARN_CONSTANT_CONVERSION = YES;
				CLANG_WARN_ENUM_CONVERSION = YES;
				CLANG_WARN_INT_CONVERSION = YES;
				CLANG_WARN__DUPLICATE_METHOD_MATCH = YES;
				"CODE_SIGN_IDENTITY[sdk=iphoneos*]" = "iPhone Developer";
				COPY_PHASE_STRIP = NO;
				GCC_C_LANGUAGE_STANDARD = gnu99;
				GCC_DYNAMIC_NO_PIC = NO;
				GCC_OPTIMIZATION_LEVEL = 0;
				GCC_PREPROCESSOR_DEFINITIONS = (
					"DEBUG=1",
					"$(inherited)",
				);
				GCC_SYMBOLS_PRIVATE_EXTERN = NO;
				GCC_VERSION = com.apple.compilers.llvm.clang.1_0;
				GCC_WARN_ABOUT_RETURN_TYPE = YES;
				GCC_WARN_UNINITIALIZED_AUTOS = YES;
				GCC_WARN_UNUSED_VARIABLE = YES;
				IPHONEOS_DEPLOYMENT_TARGET = 5.1;
				OTHER_LDFLAGS = "-ObjC";
				SDKROOT = iphoneos;
				TARGETED_DEVICE_FAMILY = 2;
			};
			name = Debug;
		};
		A70A6D8B15DE7DA600C2568C /* Release */ = {
			isa = XCBuildConfiguration;
			buildSettings = {
				ALWAYS_SEARCH_USER_PATHS = NO;
				ARCHS = "$(ARCHS_STANDARD_32_BIT)";
				CLANG_CXX_LANGUAGE_STANDARD = "gnu++0x";
				CLANG_ENABLE_OBJC_ARC = YES;
				CLANG_WARN_CONSTANT_CONVERSION = YES;
				CLANG_WARN_ENUM_CONVERSION = YES;
				CLANG_WARN_INT_CONVERSION = YES;
				CLANG_WARN__DUPLICATE_METHOD_MATCH = YES;
				"CODE_SIGN_IDENTITY[sdk=iphoneos*]" = "iPhone Developer";
				COPY_PHASE_STRIP = YES;
				GCC_C_LANGUAGE_STANDARD = gnu99;
				GCC_VERSION = com.apple.compilers.llvm.clang.1_0;
				GCC_WARN_ABOUT_RETURN_TYPE = YES;
				GCC_WARN_UNINITIALIZED_AUTOS = YES;
				GCC_WARN_UNUSED_VARIABLE = YES;
				IPHONEOS_DEPLOYMENT_TARGET = 5.1;
				OTHER_CFLAGS = "-DNS_BLOCK_ASSERTIONS=1";
				OTHER_LDFLAGS = "-ObjC";
				SDKROOT = iphoneos;
				TARGETED_DEVICE_FAMILY = 2;
				VALIDATE_PRODUCT = YES;
			};
			name = Release;
		};
		A70A6D8D15DE7DA600C2568C /* Debug */ = {
			isa = XCBuildConfiguration;
			buildSettings = {
				ALWAYS_SEARCH_USER_PATHS = YES;
				FRAMEWORK_SEARCH_PATHS = (
					"$(inherited)",
					"\"$(SRCROOT)/DTRichTextEditor.embeddedframework\"",
				);
				GCC_PRECOMPILE_PREFIX_HEADER = YES;
				GCC_PREFIX_HEADER = "Demo/DTRichTextEditor-Prefix.pch";
				HEADER_SEARCH_PATHS = "\"$(SRCROOT)\"/**";
				INFOPLIST_FILE = "Demo/DTRichTextEditor-Info.plist";
				OTHER_LDFLAGS = (
					"-ObjC",
					"-all_load",
				);
				PRODUCT_NAME = "$(TARGET_NAME)";
				USER_HEADER_SEARCH_PATHS = "\"$(SRCROOT)/DTRichTextEditor.embeddedframework/Headers\"/**";
				WRAPPER_EXTENSION = app;
			};
			name = Debug;
		};
		A70A6D8E15DE7DA600C2568C /* Release */ = {
			isa = XCBuildConfiguration;
			buildSettings = {
				ALWAYS_SEARCH_USER_PATHS = YES;
				FRAMEWORK_SEARCH_PATHS = (
					"$(inherited)",
					"\"$(SRCROOT)/DTRichTextEditor.embeddedframework\"",
				);
				GCC_PRECOMPILE_PREFIX_HEADER = YES;
				GCC_PREFIX_HEADER = "Demo/DTRichTextEditor-Prefix.pch";
				HEADER_SEARCH_PATHS = "\"$(SRCROOT)\"/**";
				INFOPLIST_FILE = "Demo/DTRichTextEditor-Info.plist";
				OTHER_LDFLAGS = (
					"-ObjC",
					"-all_load",
				);
				PRODUCT_NAME = "$(TARGET_NAME)";
				USER_HEADER_SEARCH_PATHS = "\"$(SRCROOT)/DTRichTextEditor.embeddedframework/Headers\"/**";
				WRAPPER_EXTENSION = app;
			};
			name = Release;
		};
/* End XCBuildConfiguration section */

/* Begin XCConfigurationList section */
		A70A6D6815DE7DA600C2568C /* Build configuration list for PBXProject "DTRichTextEditorDemo" */ = {
			isa = XCConfigurationList;
			buildConfigurations = (
				A70A6D8A15DE7DA600C2568C /* Debug */,
				A70A6D8B15DE7DA600C2568C /* Release */,
			);
			defaultConfigurationIsVisible = 0;
			defaultConfigurationName = Release;
		};
		A70A6D8C15DE7DA600C2568C /* Build configuration list for PBXNativeTarget "DTRichTextEditorDemo" */ = {
			isa = XCConfigurationList;
			buildConfigurations = (
				A70A6D8D15DE7DA600C2568C /* Debug */,
				A70A6D8E15DE7DA600C2568C /* Release */,
			);
			defaultConfigurationIsVisible = 0;
			defaultConfigurationName = Release;
		};
/* End XCConfigurationList section */
	};
	rootObject = A70A6D6515DE7DA600C2568C /* Project object */;
}
